<Solution>
  <Project Path="../XAVIER_GARCIA_ITEMS_BACKEND.APLICACION/XAVIER_GARCIA_ITEMS_BACKEND.APLICACION.csproj" />
  <Project Path="../XAVIER_GARCIA_ITEMS_BACKEND.DOMINIO/XAVIER_GARCIA_ITEMS_BACKEND.DOMINIO.csproj" />
  <Project Path="../XAVIER_GARCIA_ITEMS_BACKEND.INFRAESTRUCTURA/XAVIER_GARCIA_ITEMS_BACKEND.INFRAESTRUCTURA.csproj" />
  <Project Path="XAVIER_GARCIA_GESTOR_ITEMS_BACKEND.API.csproj" />
</Solution>
